
Microsoft Visual Studio Solution File, Format Version 12.00
# Visual Studio Version 17
VisualStudioVersion = 17.7.34031.279
MinimumVisualStudioVersion = 10.0.40219.1
Project("{888888A0-9F3D-457C-B088-3A5042F75D52}") = "termo 1", "termo 1\termo 1.pyproj", "{719E51C6-19D0-48AB-B772-106A93918B1A}"
EndProject
Global
	GlobalSection(SolutionConfigurationPlatforms) = preSolution
		Debug|Any CPU = Debug|Any CPU
		Release|Any CPU = Release|Any CPU
	EndGlobalSection
	GlobalSection(ProjectConfigurationPlatforms) = postSolution
		{719E51C6-19D0-48AB-B772-106A93918B1A}.Debug|Any CPU.ActiveCfg = Debug|Any CPU
		{719E51C6-19D0-48AB-B772-106A93918B1A}.Release|Any CPU.ActiveCfg = Release|Any CPU
	EndGlobalSection
	GlobalSection(SolutionProperties) = preSolution
		HideSolutionNode = FALSE
	EndGlobalSection
	GlobalSection(ExtensibilityGlobals) = postSolution
		SolutionGuid = {E659D89C-3D8D-430C-A45B-A9CEB5E409B4}
	EndGlobalSection
EndGlobal
